
Microsoft Visual Studio Solution File, Format Version 12.00
# Visual Studio Version 17
VisualStudioVersion = 17.11.35327.3
MinimumVisualStudioVersion = 10.0.40219.1
Project("{FAE04EC0-301F-11D3-BF4B-00C04F79EFBC}") = "Task Tracker Project", "Task Tracker Project\Task Tracker Project.csproj", "{9067953D-D902-4915-B556-C234CAACD1AA}"
EndProject
Global
	GlobalSection(SolutionConfigurationPlatforms) = preSolution
		Debug|Any CPU = Debug|Any CPU
		Release|Any CPU = Release|Any CPU
	EndGlobalSection
	GlobalSection(ProjectConfigurationPlatforms) = postSolution
		{9067953D-D902-4915-B556-C234CAACD1AA}.Debug|Any CPU.ActiveCfg = Debug|Any CPU
		{9067953D-D902-4915-B556-C234CAACD1AA}.Debug|Any CPU.Build.0 = Debug|Any CPU
		{9067953D-D902-4915-B556-C234CAACD1AA}.Release|Any CPU.ActiveCfg = Release|Any CPU
		{9067953D-D902-4915-B556-C234CAACD1AA}.Release|Any CPU.Build.0 = Release|Any CPU
	EndGlobalSection
	GlobalSection(SolutionProperties) = preSolution
		HideSolutionNode = FALSE
	EndGlobalSection
	GlobalSection(ExtensibilityGlobals) = postSolution
		SolutionGuid = {9B139701-C40B-4297-940C-DE76C2A243C2}
	EndGlobalSection
EndGlobal
